Microsoft Visual Studio Solution File, Format Version 12.00
# Visual Studio 2012
Project("{FAE04EC0-301F-11D3-BF4B-00C04F79EFBC}") = "Hexagonal Game", "Hexagonal Game.csproj", "{D7826536-C670-49DA-856F-D42B9121D878}"
EndProject
Global
	GlobalSection(SolutionConfigurationPlatforms) = preSolution
	Debug|Any CPU = Debug|Any CPU
	Release|Any CPU = Release|Any CPU
	Tools|Any CPU = Tools|Any CPU
	EndGlobalSection
	GlobalSection(ProjectConfigurationPlatforms) = postSolution
		{D7826536-C670-49DA-856F-D42B9121D878}.Debug|Any CPU.ActiveCfg = Debug|Any CPU
		{D7826536-C670-49DA-856F-D42B9121D878}.Debug|Any CPU.Build.0 = Debug|Any CPU
		{D7826536-C670-49DA-856F-D42B9121D878}.Release|Any CPU.ActiveCfg = Release|Any CPU
		{D7826536-C670-49DA-856F-D42B9121D878}.Release|Any CPU.Build.0 = Release|Any CPU
		{D7826536-C670-49DA-856F-D42B9121D878}.Tools|Any CPU.ActiveCfg = Tools|Any CPU
		{D7826536-C670-49DA-856F-D42B9121D878}.Tools|Any CPU.Build.0 = Tools|Any CPU
	EndGlobalSection
EndGlobal
